// !$*UTF8*$!
{
	archiveVersion = 1;
	classes = {
	};
	objectVersion = 55;
	objects = {

/* Begin PBXBuildFile section */
		9008031328BF7154000AB2B8 /* SearchPrediction.swift in Sources */ = {isa = PBXBuildFile; fileRef = 9008031228BF7154000AB2B8 /* SearchPrediction.swift */; };
		9008031528BF7186000AB2B8 /* SearchController.swift in Sources */ = {isa = PBXBuildFile; fileRef = 9008031428BF7186000AB2B8 /* SearchController.swift */; };
		90D395CB28C6011600720BE7 /* ResizableLottieView.swift in Sources */ = {isa = PBXBuildFile; fileRef = 90D395CA28C6011600720BE7 /* ResizableLottieView.swift */; };
		90D395D328C601BB00720BE7 /* Search.json in Resources */ = {isa = PBXBuildFile; fileRef = 90D395CE28C601BB00720BE7 /* Search.json */; };
		90D395D428C601BB00720BE7 /* Home.json in Resources */ = {isa = PBXBuildFile; fileRef = 90D395CF28C601BB00720BE7 /* Home.json */; };
		90D395D528C601BB00720BE7 /* 99387-loading.json in Resources */ = {isa = PBXBuildFile; fileRef = 90D395D028C601BB00720BE7 /* 99387-loading.json */; };
		90D395D628C601BB00720BE7 /* Album.json in Resources */ = {isa = PBXBuildFile; fileRef = 90D395D128C601BB00720BE7 /* Album.json */; };
		90D395D728C601BB00720BE7 /* PodCast.json in Resources */ = {isa = PBXBuildFile; fileRef = 90D395D228C601BB00720BE7 /* PodCast.json */; };
		C60D3D292897A83A00A3D8C2 /* MusicScroll2.swift in Sources */ = {isa = PBXBuildFile; fileRef = C60D3D282897A83A00A3D8C2 /* MusicScroll2.swift */; };
		C616C33D28943ADB002C37A8 /* CustomRefreshView.swift in Sources */ = {isa = PBXBuildFile; fileRef = C616C33C28943ADB002C37A8 /* CustomRefreshView.swift */; };
		C61EC7FF28992F8C0076A052 /* Lottie in Frameworks */ = {isa = PBXBuildFile; productRef = C61EC7FE28992F8C0076A052 /* Lottie */; };
		C67AB82C28C0A70200C502E9 /* NowPlayingBar.swift in Sources */ = {isa = PBXBuildFile; fileRef = C67AB82B28C0A70200C502E9 /* NowPlayingBar.swift */; };
		C67AB83028C0ABD100C502E9 /* UserManager.swift in Sources */ = {isa = PBXBuildFile; fileRef = C67AB82F28C0ABD100C502E9 /* UserManager.swift */; };
		C699CB6B28C1E1CF00D532F7 /* LastMusicView.swift in Sources */ = {isa = PBXBuildFile; fileRef = C699CB6A28C1E1CF00D532F7 /* LastMusicView.swift */; };
		C6A026EF2893A50B00992E6E /* AlbumViews.swift in Sources */ = {isa = PBXBuildFile; fileRef = C6A026EE2893A50B00992E6E /* AlbumViews.swift */; };
		C6A026F12893A58700992E6E /* AlbumModel.swift in Sources */ = {isa = PBXBuildFile; fileRef = C6A026F02893A58700992E6E /* AlbumModel.swift */; };
		C6A026F32893A5B400992E6E /* ApiAlbums.swift in Sources */ = {isa = PBXBuildFile; fileRef = C6A026F22893A5B400992E6E /* ApiAlbums.swift */; };
		C6A2C4682894D50800B56717 /* SearchScreen.swift in Sources */ = {isa = PBXBuildFile; fileRef = C6A2C4672894D50800B56717 /* SearchScreen.swift */; };
		C6A2C46A2894D51600B56717 /* AlbumScreen.swift in Sources */ = {isa = PBXBuildFile; fileRef = C6A2C4692894D51600B56717 /* AlbumScreen.swift */; };
		C6A2C46C2895225E00B56717 /* PodCastScreen.swift in Sources */ = {isa = PBXBuildFile; fileRef = C6A2C46B2895225E00B56717 /* PodCastScreen.swift */; };
		C6A2C4702895256900B56717 /* ApiMusic.swift in Sources */ = {isa = PBXBuildFile; fileRef = C6A2C46F2895256900B56717 /* ApiMusic.swift */; };
		C6A2C4722895315C00B56717 /* ListenModel.swift in Sources */ = {isa = PBXBuildFile; fileRef = C6A2C4712895315C00B56717 /* ListenModel.swift */; };
		C6A6660428990E4000C30F4F /* MusicView.swift in Sources */ = {isa = PBXBuildFile; fileRef = C6A6660328990E4000C30F4F /* MusicView.swift */; };
		C6A7E2B72894188300321F8A /* SplashScreen.swift in Sources */ = {isa = PBXBuildFile; fileRef = C6A7E2B62894188300321F8A /* SplashScreen.swift */; };
		C6AE7B102897C805004AA971 /* ViewModel.swift in Sources */ = {isa = PBXBuildFile; fileRef = C6AE7B0F2897C805004AA971 /* ViewModel.swift */; };
		C6B3C0F728919B7900221BA4 /* KimusicApp.swift in Sources */ = {isa = PBXBuildFile; fileRef = C6B3C0F628919B7900221BA4 /* KimusicApp.swift */; };
		C6B3C0FB28919B7D00221BA4 /* Assets.xcassets in Resources */ = {isa = PBXBuildFile; fileRef = C6B3C0FA28919B7D00221BA4 /* Assets.xcassets */; };
		C6B3C0FE28919B7D00221BA4 /* Preview Assets.xcassets in Resources */ = {isa = PBXBuildFile; fileRef = C6B3C0FD28919B7D00221BA4 /* Preview Assets.xcassets */; };
		C6B3C10628919C6900221BA4 /* ApiHome.swift in Sources */ = {isa = PBXBuildFile; fileRef = C6B3C10528919C6900221BA4 /* ApiHome.swift */; };
		C6B3C10928919C8100221BA4 /* HomeModel.swift in Sources */ = {isa = PBXBuildFile; fileRef = C6B3C10828919C8100221BA4 /* HomeModel.swift */; };
		C6B3C10C28919CCE00221BA4 /* HashLib.swift in Sources */ = {isa = PBXBuildFile; fileRef = C6B3C10B28919CCE00221BA4 /* HashLib.swift */; };
		C6B3C10E28919D0300221BA4 /* ZingStruct.swift in Sources */ = {isa = PBXBuildFile; fileRef = C6B3C10D28919D0300221BA4 /* ZingStruct.swift */; };
		C6B3C11128919D9100221BA4 /* MainScreen.swift in Sources */ = {isa = PBXBuildFile; fileRef = C6B3C11028919D9100221BA4 /* MainScreen.swift */; };
		C6B3C11528919EF500221BA4 /* HomeViews.swift in Sources */ = {isa = PBXBuildFile; fileRef = C6B3C11428919EF500221BA4 /* HomeViews.swift */; };
		C6B3C1222891A17700221BA4 /* TextComponents.swift in Sources */ = {isa = PBXBuildFile; fileRef = C6B3C1212891A17700221BA4 /* TextComponents.swift */; };
		C6B3C1242891A2AD00221BA4 /* MusicScroll.swift in Sources */ = {isa = PBXBuildFile; fileRef = C6B3C1232891A2AD00221BA4 /* MusicScroll.swift */; };
		C6B3C1262891A30100221BA4 /* PaperViews.swift in Sources */ = {isa = PBXBuildFile; fileRef = C6B3C1252891A30100221BA4 /* PaperViews.swift */; };
		C6E36DC52893DDA10098096E /* CustomTabBar.swift in Sources */ = {isa = PBXBuildFile; fileRef = C6E36DC42893DDA10098096E /* CustomTabBar.swift */; };
		E71BE87828BF44F800C43EA4 /* FirebaseDatabase in Frameworks */ = {isa = PBXBuildFile; productRef = E71BE87728BF44F800C43EA4 /* FirebaseDatabase */; };
		E71BE87C28BF44F800C43EA4 /* FirebaseFirestore in Frameworks */ = {isa = PBXBuildFile; productRef = E71BE87B28BF44F800C43EA4 /* FirebaseFirestore */; };
		E71BE88428BF44F800C43EA4 /* FirebaseStorage in Frameworks */ = {isa = PBXBuildFile; productRef = E71BE88328BF44F800C43EA4 /* FirebaseStorage */; };
		E71BE88928BF467D00C43EA4 /* GoogleService-Info.plist in Resources */ = {isa = PBXBuildFile; fileRef = E71BE88828BF467D00C43EA4 /* GoogleService-Info.plist */; };
		E71BE88C28BF4ACA00C43EA4 /* FirebaseAuth in Frameworks */ = {isa = PBXBuildFile; productRef = E71BE88B28BF4ACA00C43EA4 /* FirebaseAuth */; };
		E71BE88E28BF54DD00C43EA4 /* LoginSignup.swift in Sources */ = {isa = PBXBuildFile; fileRef = E71BE88D28BF54DD00C43EA4 /* LoginSignup.swift */; };
		E71BE89028BF59F800C43EA4 /* User.swift in Sources */ = {isa = PBXBuildFile; fileRef = E71BE88F28BF59F800C43EA4 /* User.swift */; };
		E71BE89228BF63C100C43EA4 /* LoginView.swift in Sources */ = {isa = PBXBuildFile; fileRef = E71BE89128BF63C100C43EA4 /* LoginView.swift */; };
		E7B9B09928C611C400E2AC85 /* FirebaseFirestoreSwift in Frameworks */ = {isa = PBXBuildFile; productRef = E7B9B09828C611C400E2AC85 /* FirebaseFirestoreSwift */; };
/* End PBXBuildFile section */

/* Begin PBXCopyFilesBuildPhase section */
		C6AE7B172897D200004AA971 /* Embed Frameworks */ = {
			isa = PBXCopyFilesBuildPhase;
			buildActionMask = 2147483647;
			dstPath = "";
			dstSubfolderSpec = 10;
			files = (
			);
			name = "Embed Frameworks";
			runOnlyForDeploymentPostprocessing = 0;
		};
/* End PBXCopyFilesBuildPhase section */

/* Begin PBXFileReference section */
		9008031228BF7154000AB2B8 /* SearchPrediction.swift */ = {isa = PBXFileReference; lastKnownFileType = sourcecode.swift; path = SearchPrediction.swift; sourceTree = "<group>"; };
		9008031428BF7186000AB2B8 /* SearchController.swift */ = {isa = PBXFileReference; lastKnownFileType = sourcecode.swift; path = SearchController.swift; sourceTree = "<group>"; };
		90D395CA28C6011600720BE7 /* ResizableLottieView.swift */ = {isa = PBXFileReference; lastKnownFileType = sourcecode.swift; path = ResizableLottieView.swift; sourceTree = "<group>"; };
		90D395CE28C601BB00720BE7 /* Search.json */ = {isa = PBXFileReference; fileEncoding = 4; lastKnownFileType = text.json; path = Search.json; sourceTree = "<group>"; };
		90D395CF28C601BB00720BE7 /* Home.json */ = {isa = PBXFileReference; fileEncoding = 4; lastKnownFileType = text.json; path = Home.json; sourceTree = "<group>"; };
		90D395D028C601BB00720BE7 /* 99387-loading.json */ = {isa = PBXFileReference; fileEncoding = 4; lastKnownFileType = text.json; path = "99387-loading.json"; sourceTree = "<group>"; };
		90D395D128C601BB00720BE7 /* Album.json */ = {isa = PBXFileReference; fileEncoding = 4; lastKnownFileType = text.json; path = Album.json; sourceTree = "<group>"; };
		90D395D228C601BB00720BE7 /* PodCast.json */ = {isa = PBXFileReference; fileEncoding = 4; lastKnownFileType = text.json; path = PodCast.json; sourceTree = "<group>"; };
		C60D3D282897A83A00A3D8C2 /* MusicScroll2.swift */ = {isa = PBXFileReference; lastKnownFileType = sourcecode.swift; path = MusicScroll2.swift; sourceTree = "<group>"; };
		C616C33C28943ADB002C37A8 /* CustomRefreshView.swift */ = {isa = PBXFileReference; lastKnownFileType = sourcecode.swift; path = CustomRefreshView.swift; sourceTree = "<group>"; };
		C67AB82B28C0A70200C502E9 /* NowPlayingBar.swift */ = {isa = PBXFileReference; lastKnownFileType = sourcecode.swift; path = NowPlayingBar.swift; sourceTree = "<group>"; };
		C67AB82F28C0ABD100C502E9 /* UserManager.swift */ = {isa = PBXFileReference; lastKnownFileType = sourcecode.swift; path = UserManager.swift; sourceTree = "<group>"; };
		C699CB6A28C1E1CF00D532F7 /* LastMusicView.swift */ = {isa = PBXFileReference; lastKnownFileType = sourcecode.swift; path = LastMusicView.swift; sourceTree = "<group>"; };
		C6A026EE2893A50B00992E6E /* AlbumViews.swift */ = {isa = PBXFileReference; lastKnownFileType = sourcecode.swift; path = AlbumViews.swift; sourceTree = "<group>"; };
		C6A026F02893A58700992E6E /* AlbumModel.swift */ = {isa = PBXFileReference; lastKnownFileType = sourcecode.swift; path = AlbumModel.swift; sourceTree = "<group>"; };
		C6A026F22893A5B400992E6E /* ApiAlbums.swift */ = {isa = PBXFileReference; lastKnownFileType = sourcecode.swift; path = ApiAlbums.swift; sourceTree = "<group>"; };
		C6A2C4672894D50800B56717 /* SearchScreen.swift */ = {isa = PBXFileReference; lastKnownFileType = sourcecode.swift; path = SearchScreen.swift; sourceTree = "<group>"; };
		C6A2C4692894D51600B56717 /* AlbumScreen.swift */ = {isa = PBXFileReference; lastKnownFileType = sourcecode.swift; path = AlbumScreen.swift; sourceTree = "<group>"; };
		C6A2C46B2895225E00B56717 /* PodCastScreen.swift */ = {isa = PBXFileReference; lastKnownFileType = sourcecode.swift; path = PodCastScreen.swift; sourceTree = "<group>"; };
		C6A2C46F2895256900B56717 /* ApiMusic.swift */ = {isa = PBXFileReference; lastKnownFileType = sourcecode.swift; path = ApiMusic.swift; sourceTree = "<group>"; };
		C6A2C4712895315C00B56717 /* ListenModel.swift */ = {isa = PBXFileReference; lastKnownFileType = sourcecode.swift; path = ListenModel.swift; sourceTree = "<group>"; };
		C6A6660328990E4000C30F4F /* MusicView.swift */ = {isa = PBXFileReference; lastKnownFileType = sourcecode.swift; path = MusicView.swift; sourceTree = "<group>"; };
		C6A7E2B62894188300321F8A /* SplashScreen.swift */ = {isa = PBXFileReference; lastKnownFileType = sourcecode.swift; path = SplashScreen.swift; sourceTree = "<group>"; };
		C6AE7B0F2897C805004AA971 /* ViewModel.swift */ = {isa = PBXFileReference; lastKnownFileType = sourcecode.swift; path = ViewModel.swift; sourceTree = "<group>"; };
		C6B3C0F328919B7900221BA4 /* Kimusic.app */ = {isa = PBXFileReference; explicitFileType = wrapper.application; includeInIndex = 0; path = Kimusic.app; sourceTree = BUILT_PRODUCTS_DIR; };
		C6B3C0F628919B7900221BA4 /* KimusicApp.swift */ = {isa = PBXFileReference; lastKnownFileType = sourcecode.swift; path = KimusicApp.swift; sourceTree = "<group>"; };
		C6B3C0FA28919B7D00221BA4 /* Assets.xcassets */ = {isa = PBXFileReference; lastKnownFileType = folder.assetcatalog; path = Assets.xcassets; sourceTree = "<group>"; };
		C6B3C0FD28919B7D00221BA4 /* Preview Assets.xcassets */ = {isa = PBXFileReference; lastKnownFileType = folder.assetcatalog; path = "Preview Assets.xcassets"; sourceTree = "<group>"; };
		C6B3C10528919C6900221BA4 /* ApiHome.swift */ = {isa = PBXFileReference; lastKnownFileType = sourcecode.swift; path = ApiHome.swift; sourceTree = "<group>"; };
		C6B3C10828919C8100221BA4 /* HomeModel.swift */ = {isa = PBXFileReference; lastKnownFileType = sourcecode.swift; path = HomeModel.swift; sourceTree = "<group>"; };
		C6B3C10B28919CCE00221BA4 /* HashLib.swift */ = {isa = PBXFileReference; lastKnownFileType = sourcecode.swift; path = HashLib.swift; sourceTree = "<group>"; };
		C6B3C10D28919D0300221BA4 /* ZingStruct.swift */ = {isa = PBXFileReference; lastKnownFileType = sourcecode.swift; path = ZingStruct.swift; sourceTree = "<group>"; };
		C6B3C11028919D9100221BA4 /* MainScreen.swift */ = {isa = PBXFileReference; lastKnownFileType = sourcecode.swift; path = MainScreen.swift; sourceTree = "<group>"; };
		C6B3C11228919E6F00221BA4 /* Info.plist */ = {isa = PBXFileReference; lastKnownFileType = text.plist; path = Info.plist; sourceTree = "<group>"; };
		C6B3C11428919EF500221BA4 /* HomeViews.swift */ = {isa = PBXFileReference; lastKnownFileType = sourcecode.swift; path = HomeViews.swift; sourceTree = "<group>"; };
		C6B3C1212891A17700221BA4 /* TextComponents.swift */ = {isa = PBXFileReference; lastKnownFileType = sourcecode.swift; path = TextComponents.swift; sourceTree = "<group>"; };
		C6B3C1232891A2AD00221BA4 /* MusicScroll.swift */ = {isa = PBXFileReference; lastKnownFileType = sourcecode.swift; path = MusicScroll.swift; sourceTree = "<group>"; };
		C6B3C1252891A30100221BA4 /* PaperViews.swift */ = {isa = PBXFileReference; lastKnownFileType = sourcecode.swift; path = PaperViews.swift; sourceTree = "<group>"; };
		C6E36DC42893DDA10098096E /* CustomTabBar.swift */ = {isa = PBXFileReference; lastKnownFileType = sourcecode.swift; path = CustomTabBar.swift; sourceTree = "<group>"; };
		E71BE88828BF467D00C43EA4 /* GoogleService-Info.plist */ = {isa = PBXFileReference; fileEncoding = 4; lastKnownFileType = text.plist.xml; path = "GoogleService-Info.plist"; sourceTree = "<group>"; };
		E71BE88D28BF54DD00C43EA4 /* LoginSignup.swift */ = {isa = PBXFileReference; lastKnownFileType = sourcecode.swift; path = LoginSignup.swift; sourceTree = "<group>"; };
		E71BE88F28BF59F800C43EA4 /* User.swift */ = {isa = PBXFileReference; lastKnownFileType = sourcecode.swift; path = User.swift; sourceTree = "<group>"; };
		E71BE89128BF63C100C43EA4 /* LoginView.swift */ = {isa = PBXFileReference; lastKnownFileType = sourcecode.swift; path = LoginView.swift; sourceTree = "<group>"; };
/* End PBXFileReference section */

/* Begin PBXFrameworksBuildPhase section */
		C6B3C0F028919B7900221BA4 /* Frameworks */ = {
			isa = PBXFrameworksBuildPhase;
			buildActionMask = 2147483647;
			files = (
				C61EC7FF28992F8C0076A052 /* Lottie in Frameworks */,
				E71BE88428BF44F800C43EA4 /* FirebaseStorage in Frameworks */,
				E71BE87828BF44F800C43EA4 /* FirebaseDatabase in Frameworks */,
				E71BE87C28BF44F800C43EA4 /* FirebaseFirestore in Frameworks */,
				E71BE88C28BF4ACA00C43EA4 /* FirebaseAuth in Frameworks */,
				E7B9B09928C611C400E2AC85 /* FirebaseFirestoreSwift in Frameworks */,
			);
			runOnlyForDeploymentPostprocessing = 0;
		};
/* End PBXFrameworksBuildPhase section */

/* Begin PBXGroup section */
		9008031128BF7148000AB2B8 /* Search */ = {
			isa = PBXGroup;
			children = (
				9008031228BF7154000AB2B8 /* SearchPrediction.swift */,
				9008031428BF7186000AB2B8 /* SearchController.swift */,
			);
			path = Search;
			sourceTree = "<group>";
		};
		C616C34128943C37002C37A8 /* Assets */ = {
			isa = PBXGroup;
			children = (
				90D395D028C601BB00720BE7 /* 99387-loading.json */,
				90D395D128C601BB00720BE7 /* Album.json */,
				90D395CF28C601BB00720BE7 /* Home.json */,
				90D395D228C601BB00720BE7 /* PodCast.json */,
				90D395CE28C601BB00720BE7 /* Search.json */,
			);
			path = Assets;
			sourceTree = "<group>";
		};
		C6B3C0EA28919B7900221BA4 = {
			isa = PBXGroup;
			children = (
				C6B3C0F528919B7900221BA4 /* Kimusic */,
				C6B3C0F428919B7900221BA4 /* Products */,
				E71BE88A28BF4ACA00C43EA4 /* Frameworks */,
			);
			sourceTree = "<group>";
		};
		C6B3C0F428919B7900221BA4 /* Products */ = {
			isa = PBXGroup;
			children = (
				C6B3C0F328919B7900221BA4 /* Kimusic.app */,
			);
			name = Products;
			sourceTree = "<group>";
		};
		C6B3C0F528919B7900221BA4 /* Kimusic */ = {
			isa = PBXGroup;
			children = (
				E71BE88828BF467D00C43EA4 /* GoogleService-Info.plist */,
				E71BE88728BF451E00C43EA4 /* Firestore */,
				C616C34128943C37002C37A8 /* Assets */,
				C6B3C11C2891A0ED00221BA4 /* Components */,
				C6B3C11328919EE400221BA4 /* Screens */,
				C6B3C11228919E6F00221BA4 /* Info.plist */,
				C6B3C10F28919D8000221BA4 /* Views */,
				C6B3C10428919C5200221BA4 /* Controller */,
				C6B3C0F628919B7900221BA4 /* KimusicApp.swift */,
				C6B3C0FA28919B7D00221BA4 /* Assets.xcassets */,
				C6B3C0FC28919B7D00221BA4 /* Preview Content */,
			);
			path = Kimusic;
			sourceTree = "<group>";
		};
		C6B3C0FC28919B7D00221BA4 /* Preview Content */ = {
			isa = PBXGroup;
			children = (
				C6B3C0FD28919B7D00221BA4 /* Preview Assets.xcassets */,
			);
			path = "Preview Content";
			sourceTree = "<group>";
		};
		C6B3C10428919C5200221BA4 /* Controller */ = {
			isa = PBXGroup;
			children = (
				9008031128BF7148000AB2B8 /* Search */,
				C6B3C10A28919CBC00221BA4 /* Security */,
				C6B3C10728919C7000221BA4 /* Model */,
				C6B3C10528919C6900221BA4 /* ApiHome.swift */,
				C6A026F22893A5B400992E6E /* ApiAlbums.swift */,
				C6A2C46F2895256900B56717 /* ApiMusic.swift */,
				C67AB82F28C0ABD100C502E9 /* UserManager.swift */,
			);
			path = Controller;
			sourceTree = "<group>";
		};
		C6B3C10728919C7000221BA4 /* Model */ = {
			isa = PBXGroup;
			children = (
				C6B3C10828919C8100221BA4 /* HomeModel.swift */,
				C6A026F02893A58700992E6E /* AlbumModel.swift */,
				C6A2C4712895315C00B56717 /* ListenModel.swift */,
				C6AE7B0F2897C805004AA971 /* ViewModel.swift */,
			);
			path = Model;
			sourceTree = "<group>";
		};
		C6B3C10A28919CBC00221BA4 /* Security */ = {
			isa = PBXGroup;
			children = (
				C6B3C10B28919CCE00221BA4 /* HashLib.swift */,
				C6B3C10D28919D0300221BA4 /* ZingStruct.swift */,
			);
			path = Security;
			sourceTree = "<group>";
		};
		C6B3C10F28919D8000221BA4 /* Views */ = {
			isa = PBXGroup;
			children = (
				C6B3C11428919EF500221BA4 /* HomeViews.swift */,
				C6B3C1252891A30100221BA4 /* PaperViews.swift */,
				C6A026EE2893A50B00992E6E /* AlbumViews.swift */,
				C616C33C28943ADB002C37A8 /* CustomRefreshView.swift */,
				C6A6660328990E4000C30F4F /* MusicView.swift */,
				E71BE89128BF63C100C43EA4 /* LoginView.swift */,
				C699CB6A28C1E1CF00D532F7 /* LastMusicView.swift */,
			);
			path = Views;
			sourceTree = "<group>";
		};
		C6B3C11328919EE400221BA4 /* Screens */ = {
			isa = PBXGroup;
			children = (
				C6A7E2B62894188300321F8A /* SplashScreen.swift */,
				C6B3C11028919D9100221BA4 /* MainScreen.swift */,
				C6A2C4672894D50800B56717 /* SearchScreen.swift */,
				C6A2C4692894D51600B56717 /* AlbumScreen.swift */,
				C6A2C46B2895225E00B56717 /* PodCastScreen.swift */,
			);
			path = Screens;
			sourceTree = "<group>";
		};
		C6B3C11C2891A0ED00221BA4 /* Components */ = {
			isa = PBXGroup;
			children = (
				C6E36DC42893DDA10098096E /* CustomTabBar.swift */,
				C6B3C1212891A17700221BA4 /* TextComponents.swift */,
				C6B3C1232891A2AD00221BA4 /* MusicScroll.swift */,
				C60D3D282897A83A00A3D8C2 /* MusicScroll2.swift */,
				C67AB82B28C0A70200C502E9 /* NowPlayingBar.swift */,
				90D395CA28C6011600720BE7 /* ResizableLottieView.swift */,
			);
			path = Components;
			sourceTree = "<group>";
		};
		E71BE88728BF451E00C43EA4 /* Firestore */ = {
			isa = PBXGroup;
			children = (
				E71BE88D28BF54DD00C43EA4 /* LoginSignup.swift */,
				E71BE88F28BF59F800C43EA4 /* User.swift */,
			);
			path = Firestore;
			sourceTree = "<group>";
		};
		E71BE88A28BF4ACA00C43EA4 /* Frameworks */ = {
			isa = PBXGroup;
			children = (
			);
			name = Frameworks;
			sourceTree = "<group>";
		};
/* End PBXGroup section */

/* Begin PBXNativeTarget section */
		C6B3C0F228919B7900221BA4 /* Kimusic */ = {
			isa = PBXNativeTarget;
			buildConfigurationList = C6B3C10128919B7D00221BA4 /* Build configuration list for PBXNativeTarget "Kimusic" */;
			buildPhases = (
				C6B3C0EF28919B7900221BA4 /* Sources */,
				C6B3C0F028919B7900221BA4 /* Frameworks */,
				C6B3C0F128919B7900221BA4 /* Resources */,
				C6AE7B172897D200004AA971 /* Embed Frameworks */,
			);
			buildRules = (
			);
			dependencies = (
			);
			name = Kimusic;
			packageProductDependencies = (
				C61EC7FE28992F8C0076A052 /* Lottie */,
				E71BE87728BF44F800C43EA4 /* FirebaseDatabase */,
				E71BE87B28BF44F800C43EA4 /* FirebaseFirestore */,
				E71BE88328BF44F800C43EA4 /* FirebaseStorage */,
				E71BE88B28BF4ACA00C43EA4 /* FirebaseAuth */,
				E7B9B09828C611C400E2AC85 /* FirebaseFirestoreSwift */,
			);
			productName = Kimusic;
			productReference = C6B3C0F328919B7900221BA4 /* Kimusic.app */;
			productType = "com.apple.product-type.application";
		};
/* End PBXNativeTarget section */

/* Begin PBXProject section */
		C6B3C0EB28919B7900221BA4 /* Project object */ = {
			isa = PBXProject;
			attributes = {
				BuildIndependentTargetsInParallel = 1;
				LastSwiftUpdateCheck = 1340;
				LastUpgradeCheck = 1340;
				TargetAttributes = {
					C6B3C0F228919B7900221BA4 = {
						CreatedOnToolsVersion = 13.4.1;
					};
				};
			};
			buildConfigurationList = C6B3C0EE28919B7900221BA4 /* Build configuration list for PBXProject "Kimusic" */;
			compatibilityVersion = "Xcode 13.0";
			developmentRegion = en;
			hasScannedForEncodings = 0;
			knownRegions = (
				en,
				Base,
			);
			mainGroup = C6B3C0EA28919B7900221BA4;
			packageReferences = (
				C61EC7FD28992F8C0076A052 /* XCRemoteSwiftPackageReference "lottie-ios" */,
				E71BE87228BF44F800C43EA4 /* XCRemoteSwiftPackageReference "firebase-ios-sdk" */,
			);
			productRefGroup = C6B3C0F428919B7900221BA4 /* Products */;
			projectDirPath = "";
			projectRoot = "";
			targets = (
				C6B3C0F228919B7900221BA4 /* Kimusic */,
			);
		};
/* End PBXProject section */

/* Begin PBXResourcesBuildPhase section */
		C6B3C0F128919B7900221BA4 /* Resources */ = {
			isa = PBXResourcesBuildPhase;
			buildActionMask = 2147483647;
			files = (
				C6B3C0FE28919B7D00221BA4 /* Preview Assets.xcassets in Resources */,
				90D395D528C601BB00720BE7 /* 99387-loading.json in Resources */,
				90D395D728C601BB00720BE7 /* PodCast.json in Resources */,
				90D395D328C601BB00720BE7 /* Search.json in Resources */,
				90D395D428C601BB00720BE7 /* Home.json in Resources */,
				90D395D628C601BB00720BE7 /* Album.json in Resources */,
				E71BE88928BF467D00C43EA4 /* GoogleService-Info.plist in Resources */,
				C6B3C0FB28919B7D00221BA4 /* Assets.xcassets in Resources */,
			);
			runOnlyForDeploymentPostprocessing = 0;
		};
/* End PBXResourcesBuildPhase section */

/* Begin PBXSourcesBuildPhase section */
		C6B3C0EF28919B7900221BA4 /* Sources */ = {
			isa = PBXSourcesBuildPhase;
			buildActionMask = 2147483647;
			files = (
				E71BE88E28BF54DD00C43EA4 /* LoginSignup.swift in Sources */,
				E71BE89228BF63C100C43EA4 /* LoginView.swift in Sources */,
				C616C33D28943ADB002C37A8 /* CustomRefreshView.swift in Sources */,
				C6B3C1222891A17700221BA4 /* TextComponents.swift in Sources */,
				C6A6660428990E4000C30F4F /* MusicView.swift in Sources */,
				C6A2C4702895256900B56717 /* ApiMusic.swift in Sources */,
				90D395CB28C6011600720BE7 /* ResizableLottieView.swift in Sources */,
				C699CB6B28C1E1CF00D532F7 /* LastMusicView.swift in Sources */,
				C6B3C10928919C8100221BA4 /* HomeModel.swift in Sources */,
				C6AE7B102897C805004AA971 /* ViewModel.swift in Sources */,
				C6A2C46C2895225E00B56717 /* PodCastScreen.swift in Sources */,
				C6E36DC52893DDA10098096E /* CustomTabBar.swift in Sources */,
				C67AB82C28C0A70200C502E9 /* NowPlayingBar.swift in Sources */,
				C6B3C11528919EF500221BA4 /* HomeViews.swift in Sources */,
				C6A026F12893A58700992E6E /* AlbumModel.swift in Sources */,
				C6B3C11128919D9100221BA4 /* MainScreen.swift in Sources */,
				C6A2C4682894D50800B56717 /* SearchScreen.swift in Sources */,
				C67AB83028C0ABD100C502E9 /* UserManager.swift in Sources */,
				C6B3C10C28919CCE00221BA4 /* HashLib.swift in Sources */,
				C6B3C1242891A2AD00221BA4 /* MusicScroll.swift in Sources */,
				C6A026EF2893A50B00992E6E /* AlbumViews.swift in Sources */,
				9008031528BF7186000AB2B8 /* SearchController.swift in Sources */,
				C6A2C4722895315C00B56717 /* ListenModel.swift in Sources */,
				C6B3C1262891A30100221BA4 /* PaperViews.swift in Sources */,
				C6B3C10628919C6900221BA4 /* ApiHome.swift in Sources */,
				E71BE89028BF59F800C43EA4 /* User.swift in Sources */,
				9008031328BF7154000AB2B8 /* SearchPrediction.swift in Sources */,
				C6A7E2B72894188300321F8A /* SplashScreen.swift in Sources */,
				C6B3C10E28919D0300221BA4 /* ZingStruct.swift in Sources */,
				C6A2C46A2894D51600B56717 /* AlbumScreen.swift in Sources */,
				C6B3C0F728919B7900221BA4 /* KimusicApp.swift in Sources */,
				C6A026F32893A5B400992E6E /* ApiAlbums.swift in Sources */,
				C60D3D292897A83A00A3D8C2 /* MusicScroll2.swift in Sources */,
			);
			runOnlyForDeploymentPostprocessing = 0;
		};
/* End PBXSourcesBuildPhase section */

/* Begin XCBuildConfiguration section */
		C6B3C0FF28919B7D00221BA4 /* Debug */ = {
			isa = XCBuildConfiguration;
			buildSettings = {
				ALWAYS_SEARCH_USER_PATHS = NO;
				CLANG_ANALYZER_NONNULL = YES;
				CLANG_ANALYZER_NUMBER_OBJECT_CONVERSION = YES_AGGRESSIVE;
				CLANG_CXX_LANGUAGE_STANDARD = "gnu++17";
				CLANG_ENABLE_MODULES = YES;
				CLANG_ENABLE_OBJC_ARC = YES;
				CLANG_ENABLE_OBJC_WEAK = YES;
				CLANG_WARN_BLOCK_CAPTURE_AUTORELEASING = YES;
				CLANG_WARN_BOOL_CONVERSION = YES;
				CLANG_WARN_COMMA = YES;
				CLANG_WARN_CONSTANT_CONVERSION = YES;
				CLANG_WARN_DEPRECATED_OBJC_IMPLEMENTATIONS = YES;
				CLANG_WARN_DIRECT_OBJC_ISA_USAGE = YES_ERROR;
				CLANG_WARN_DOCUMENTATION_COMMENTS = YES;
				CLANG_WARN_EMPTY_BODY = YES;
				CLANG_WARN_ENUM_CONVERSION = YES;
				CLANG_WARN_INFINITE_RECURSION = YES;
				CLANG_WARN_INT_CONVERSION = YES;
				CLANG_WARN_NON_LITERAL_NULL_CONVERSION = YES;
				CLANG_WARN_OBJC_IMPLICIT_RETAIN_SELF = YES;
				CLANG_WARN_OBJC_LITERAL_CONVERSION = YES;
				CLANG_WARN_OBJC_ROOT_CLASS = YES_ERROR;
				CLANG_WARN_QUOTED_INCLUDE_IN_FRAMEWORK_HEADER = YES;
				CLANG_WARN_RANGE_LOOP_ANALYSIS = YES;
				CLANG_WARN_STRICT_PROTOTYPES = YES;
				CLANG_WARN_SUSPICIOUS_MOVE = YES;
				CLANG_WARN_UNGUARDED_AVAILABILITY = YES_AGGRESSIVE;
				CLANG_WARN_UNREACHABLE_CODE = YES;
				CLANG_WARN__DUPLICATE_METHOD_MATCH = YES;
				COPY_PHASE_STRIP = NO;
				DEBUG_INFORMATION_FORMAT = dwarf;
				ENABLE_STRICT_OBJC_MSGSEND = YES;
				ENABLE_TESTABILITY = YES;
				GCC_C_LANGUAGE_STANDARD = gnu11;
				GCC_DYNAMIC_NO_PIC = NO;
				GCC_NO_COMMON_BLOCKS = YES;
				GCC_OPTIMIZATION_LEVEL = 0;
				GCC_PREPROCESSOR_DEFINITIONS = (
					"DEBUG=1",
					"$(inherited)",
				);
				GCC_WARN_64_TO_32_BIT_CONVERSION = YES;
				GCC_WARN_ABOUT_RETURN_TYPE = YES_ERROR;
				GCC_WARN_UNDECLARED_SELECTOR = YES;
				GCC_WARN_UNINITIALIZED_AUTOS = YES_AGGRESSIVE;
				GCC_WARN_UNUSED_FUNCTION = YES;
				GCC_WARN_UNUSED_VARIABLE = YES;
				IPHONEOS_DEPLOYMENT_TARGET = 15.5;
				MTL_ENABLE_DEBUG_INFO = INCLUDE_SOURCE;
				MTL_FAST_MATH = YES;
				ONLY_ACTIVE_ARCH = YES;
				SDKROOT = iphoneos;
				SWIFT_ACTIVE_COMPILATION_CONDITIONS = DEBUG;
				SWIFT_OPTIMIZATION_LEVEL = "-Onone";
			};
			name = Debug;
		};
		C6B3C10028919B7D00221BA4 /* Release */ = {
			isa = XCBuildConfiguration;
			buildSettings = {
				ALWAYS_SEARCH_USER_PATHS = NO;
				CLANG_ANALYZER_NONNULL = YES;
				CLANG_ANALYZER_NUMBER_OBJECT_CONVERSION = YES_AGGRESSIVE;
				CLANG_CXX_LANGUAGE_STANDARD = "gnu++17";
				CLANG_ENABLE_MODULES = YES;
				CLANG_ENABLE_OBJC_ARC = YES;
				CLANG_ENABLE_OBJC_WEAK = YES;
				CLANG_WARN_BLOCK_CAPTURE_AUTORELEASING = YES;
				CLANG_WARN_BOOL_CONVERSION = YES;
				CLANG_WARN_COMMA = YES;
				CLANG_WARN_CONSTANT_CONVERSION = YES;
				CLANG_WARN_DEPRECATED_OBJC_IMPLEMENTATIONS = YES;
				CLANG_WARN_DIRECT_OBJC_ISA_USAGE = YES_ERROR;
				CLANG_WARN_DOCUMENTATION_COMMENTS = YES;
				CLANG_WARN_EMPTY_BODY = YES;
				CLANG_WARN_ENUM_CONVERSION = YES;
				CLANG_WARN_INFINITE_RECURSION = YES;
				CLANG_WARN_INT_CONVERSION = YES;
				CLANG_WARN_NON_LITERAL_NULL_CONVERSION = YES;
				CLANG_WARN_OBJC_IMPLICIT_RETAIN_SELF = YES;
				CLANG_WARN_OBJC_LITERAL_CONVERSION = YES;
				CLANG_WARN_OBJC_ROOT_CLASS = YES_ERROR;
				CLANG_WARN_QUOTED_INCLUDE_IN_FRAMEWORK_HEADER = YES;
				CLANG_WARN_RANGE_LOOP_ANALYSIS = YES;
				CLANG_WARN_STRICT_PROTOTYPES = YES;
				CLANG_WARN_SUSPICIOUS_MOVE = YES;
				CLANG_WARN_UNGUARDED_AVAILABILITY = YES_AGGRESSIVE;
				CLANG_WARN_UNREACHABLE_CODE = YES;
				CLANG_WARN__DUPLICATE_METHOD_MATCH = YES;
				COPY_PHASE_STRIP = NO;
				DEBUG_INFORMATION_FORMAT = "dwarf-with-dsym";
				ENABLE_NS_ASSERTIONS = NO;
				ENABLE_STRICT_OBJC_MSGSEND = YES;
				GCC_C_LANGUAGE_STANDARD = gnu11;
				GCC_NO_COMMON_BLOCKS = YES;
				GCC_WARN_64_TO_32_BIT_CONVERSION = YES;
				GCC_WARN_ABOUT_RETURN_TYPE = YES_ERROR;
				GCC_WARN_UNDECLARED_SELECTOR = YES;
				GCC_WARN_UNINITIALIZED_AUTOS = YES_AGGRESSIVE;
				GCC_WARN_UNUSED_FUNCTION = YES;
				GCC_WARN_UNUSED_VARIABLE = YES;
				IPHONEOS_DEPLOYMENT_TARGET = 15.5;
				MTL_ENABLE_DEBUG_INFO = NO;
				MTL_FAST_MATH = YES;
				SDKROOT = iphoneos;
				SWIFT_COMPILATION_MODE = wholemodule;
				SWIFT_OPTIMIZATION_LEVEL = "-O";
				VALIDATE_PRODUCT = YES;
			};
			name = Release;
		};
		C6B3C10228919B7D00221BA4 /* Debug */ = {
			isa = XCBuildConfiguration;
			buildSettings = {
				ASSETCATALOG_COMPILER_APPICON_NAME = AppIcon;
				ASSETCATALOG_COMPILER_GLOBAL_ACCENT_COLOR_NAME = AccentColor;
				CODE_SIGN_IDENTITY = "Apple Development";
				CODE_SIGN_STYLE = Automatic;
				CURRENT_PROJECT_VERSION = 1;
				DEVELOPMENT_ASSET_PATHS = "\"Kimusic/Preview Content\"";
				DEVELOPMENT_TEAM = QMXJ28BTPR;
				ENABLE_PREVIEWS = YES;
				GENERATE_INFOPLIST_FILE = YES;
				INFOPLIST_FILE = Kimusic/Info.plist;
				INFOPLIST_KEY_UIApplicationSceneManifest_Generation = YES;
				INFOPLIST_KEY_UIApplicationSupportsIndirectInputEvents = YES;
				INFOPLIST_KEY_UISupportedInterfaceOrientations = UIInterfaceOrientationPortrait;
				INFOPLIST_KEY_UISupportedInterfaceOrientations_iPad = "UIInterfaceOrientationPortrait UIInterfaceOrientationPortraitUpsideDown UIInterfaceOrientationLandscapeLeft UIInterfaceOrientationLandscapeRight";
				INFOPLIST_KEY_UISupportedInterfaceOrientations_iPhone = "UIInterfaceOrientationPortrait UIInterfaceOrientationLandscapeLeft UIInterfaceOrientationLandscapeRight";
				IPHONEOS_DEPLOYMENT_TARGET = 15.5;
				LD_RUNPATH_SEARCH_PATHS = (
					"$(inherited)",
					"@executable_path/Frameworks",
				);
				MARKETING_VERSION = 1.0;
				PRODUCT_BUNDLE_IDENTIFIER = rmit.entertaiment.Kimusic;
				PRODUCT_NAME = "$(TARGET_NAME)";
				PROVISIONING_PROFILE_SPECIFIER = "";
				SWIFT_EMIT_LOC_STRINGS = YES;
				SWIFT_VERSION = 5.0;
				TARGETED_DEVICE_FAMILY = 1;
			};
			name = Debug;
		};
		C6B3C10328919B7D00221BA4 /* Release */ = {
			isa = XCBuildConfiguration;
			buildSettings = {
				ASSETCATALOG_COMPILER_APPICON_NAME = AppIcon;
				ASSETCATALOG_COMPILER_GLOBAL_ACCENT_COLOR_NAME = AccentColor;
				CODE_SIGN_IDENTITY = "Apple Development";
				CODE_SIGN_STYLE = Automatic;
				CURRENT_PROJECT_VERSION = 1;
				DEVELOPMENT_ASSET_PATHS = "\"Kimusic/Preview Content\"";
				DEVELOPMENT_TEAM = QMXJ28BTPR;
				ENABLE_PREVIEWS = YES;
				GENERATE_INFOPLIST_FILE = YES;
				INFOPLIST_FILE = Kimusic/Info.plist;
				INFOPLIST_KEY_UIApplicationSceneManifest_Generation = YES;
				INFOPLIST_KEY_UIApplicationSupportsIndirectInputEvents = YES;
				INFOPLIST_KEY_UISupportedInterfaceOrientations = UIInterfaceOrientationPortrait;
				INFOPLIST_KEY_UISupportedInterfaceOrientations_iPad = "UIInterfaceOrientationPortrait UIInterfaceOrientationPortraitUpsideDown UIInterfaceOrientationLandscapeLeft UIInterfaceOrientationLandscapeRight";
				INFOPLIST_KEY_UISupportedInterfaceOrientations_iPhone = "UIInterfaceOrientationPortrait UIInterfaceOrientationLandscapeLeft UIInterfaceOrientationLandscapeRight";
				IPHONEOS_DEPLOYMENT_TARGET = 15.5;
				LD_RUNPATH_SEARCH_PATHS = (
					"$(inherited)",
					"@executable_path/Frameworks",
				);
				MARKETING_VERSION = 1.0;
				PRODUCT_BUNDLE_IDENTIFIER = rmit.entertaiment.Kimusic;
				PRODUCT_NAME = "$(TARGET_NAME)";
				PROVISIONING_PROFILE_SPECIFIER = "";
				SWIFT_EMIT_LOC_STRINGS = YES;
				SWIFT_VERSION = 5.0;
				TARGETED_DEVICE_FAMILY = 1;
			};
			name = Release;
		};
/* End XCBuildConfiguration section */

/* Begin XCConfigurationList section */
		C6B3C0EE28919B7900221BA4 /* Build configuration list for PBXProject "Kimusic" */ = {
			isa = XCConfigurationList;
			buildConfigurations = (
				C6B3C0FF28919B7D00221BA4 /* Debug */,
				C6B3C10028919B7D00221BA4 /* Release */,
			);
			defaultConfigurationIsVisible = 0;
			defaultConfigurationName = Release;
		};
		C6B3C10128919B7D00221BA4 /* Build configuration list for PBXNativeTarget "Kimusic" */ = {
			isa = XCConfigurationList;
			buildConfigurations = (
				C6B3C10228919B7D00221BA4 /* Debug */,
				C6B3C10328919B7D00221BA4 /* Release */,
			);
			defaultConfigurationIsVisible = 0;
			defaultConfigurationName = Release;
		};
/* End XCConfigurationList section */

/* Begin XCRemoteSwiftPackageReference section */
		C61EC7FD28992F8C0076A052 /* XCRemoteSwiftPackageReference "lottie-ios" */ = {
			isa = XCRemoteSwiftPackageReference;
			repositoryURL = "https://github.com/airbnb/lottie-ios.git";
			requirement = {
				branch = master;
				kind = branch;
			};
		};
		E71BE87228BF44F800C43EA4 /* XCRemoteSwiftPackageReference "firebase-ios-sdk" */ = {
			isa = XCRemoteSwiftPackageReference;
			repositoryURL = "https://github.com/firebase/firebase-ios-sdk";
			requirement = {
				kind = upToNextMajorVersion;
				minimumVersion = 9.0.0;
			};
		};
/* End XCRemoteSwiftPackageReference section */

/* Begin XCSwiftPackageProductDependency section */
		C61EC7FE28992F8C0076A052 /* Lottie */ = {
			isa = XCSwiftPackageProductDependency;
			package = C61EC7FD28992F8C0076A052 /* XCRemoteSwiftPackageReference "lottie-ios" */;
			productName = Lottie;
		};
		E71BE87728BF44F800C43EA4 /* FirebaseDatabase */ = {
			isa = XCSwiftPackageProductDependency;
			package = E71BE87228BF44F800C43EA4 /* XCRemoteSwiftPackageReference "firebase-ios-sdk" */;
			productName = FirebaseDatabase;
		};
		E71BE87B28BF44F800C43EA4 /* FirebaseFirestore */ = {
			isa = XCSwiftPackageProductDependency;
			package = E71BE87228BF44F800C43EA4 /* XCRemoteSwiftPackageReference "firebase-ios-sdk" */;
			productName = FirebaseFirestore;
		};
		E71BE88328BF44F800C43EA4 /* FirebaseStorage */ = {
			isa = XCSwiftPackageProductDependency;
			package = E71BE87228BF44F800C43EA4 /* XCRemoteSwiftPackageReference "firebase-ios-sdk" */;
			productName = FirebaseStorage;
		};
		E71BE88B28BF4ACA00C43EA4 /* FirebaseAuth */ = {
			isa = XCSwiftPackageProductDependency;
			package = E71BE87228BF44F800C43EA4 /* XCRemoteSwiftPackageReference "firebase-ios-sdk" */;
			productName = FirebaseAuth;
		};
		E7B9B09828C611C400E2AC85 /* FirebaseFirestoreSwift */ = {
			isa = XCSwiftPackageProductDependency;
			package = E71BE87228BF44F800C43EA4 /* XCRemoteSwiftPackageReference "firebase-ios-sdk" */;
			productName = FirebaseFirestoreSwift;
		};
/* End XCSwiftPackageProductDependency section */
	};
	rootObject = C6B3C0EB28919B7900221BA4 /* Project object */;
}
